go.arcalot.io/assert v1.6.0 h1:iKA8SZZ1MRblMX5QAwwY5RbpR+VNyp//4IU7vo08Xu0=
go.arcalot.io/assert v1.6.0/go.mod h1:Xy3ScX0p9IMY89gdsgexOKxnmDr0nGHG9dV7p8Uxg7w=
go.arcalot.io/lang v1.0.0 h1:mgDaieT4wWdZTnR4V7+/pgYRmzfU7VZZgIzHccuxAbY=
go.arcalot.io/lang v1.0.0/go.mod h1:ALqfYEhAzC2WoGLaycmJoNJd5NmkR7V1PSKp/c5D278=
go.arcalot.io/log/v2 v2.0.0 h1:mbmsWDVBXZNWrDzUh5JLzeGCQ59kTuMFs+pyfJGc1hk=
go.arcalot.io/log/v2 v2.0.0/go.mod h1:1V8jnFIIGwh2CtcGkHNOmy1nCo7LbazQNkUcnKYNMn4=
go.flow.arcalot.io/pluginsdk v0.5.0 h1:TRS/waCTcdoMZ9neDAcfy3zpzyDnPHRbhV+Y1kpcw3Y=
go.flow.arcalot.io/pluginsdk v0.5.0/go.mod h1:2s2f//7uOkBjr1QaiWJD/bqDIeLlINJtD1BhiY4aGPM=
go.flow.arcalot.io/pluginsdk v0.5.1 h1:ebb2ThAqmjmwGpDyKpd1wEDUisPqPabgARjFohy47Io=
go.flow.arcalot.io/pluginsdk v0.5.1/go.mod h1:2s2f//7uOkBjr1QaiWJD/bqDIeLlINJtD1BhiY4aGPM=
gopkg.in/yaml.v3 v3.0.1 h1:fxVm/GzAzEWqLHuvctI91KS9hhNmmWOoWu0XTYJS7CA=
