go.arcalot.io/assert v1.9.0 h1:iwcznbfcfBKZ0aUYmyUNWRi8VhmabqKHEWwwP0CuJaE=
go.arcalot.io/assert v1.9.0/go.mod h1:CiNzHqQ1sRz/iYvE/l33nizMrI2X0zO5XJ0YIAYyFlo=
go.arcalot.io/lang v1.2.0 h1:FExtEbVdVT26KbeKEImQVwg2nvU5X2N3M0egl58QJJw=
go.arcalot.io/lang v1.2.0/go.mod h1:8vX8kD2lQYzoiL52cBXMM6qrnAzBVqxF8GLd5uQ2vKA=
go.arcalot.io/log/v2 v2.3.0 h1:ejB4Vpb6joyfbMaxVuq5V6BEJQ4DEmgEb4eDQkb4u8o=
go.arcalot.io/log/v2 v2.3.0/go.mod h1:str2eletf8hpM6zNZm4o2+4J8nHYurcVbRpYjXbCJp0=
go.flow.arcalot.io/pluginsdk v0.14.3 h1:LlS50n6udj0SDcjfNxZ1eCSy5McDbuZryLx5EBhC1QA=
go.flow.arcalot.io/pluginsdk v0.14.3/go.mod h1:+HTra2Nh2e+RQ1ispT7QbO0MXYVJmKMeeuAWdHsAA1s=
golang.org/x/sys v0.43.0 h1:Rlag2XtaFTxp19wS8MXlJwTvoh8ArU6ezoyFsMyCTNI=
golang.org/x/sys v0.43.0/go.mod h1:4GL1E5IUh+htKOUEOaiffhrAeqysfVGipDYzABqnCmw=
golang.org/x/term v0.42.0 h1:UiKe+zDFmJobeJ5ggPwOshJIVt6/Ft0rcfrXZDLWAWY=
golang.org/x/term v0.42.0/go.mod h1:Dq/D+snpsbazcBG5+F9Q1n2rXV8Ma+71xEjTRufARgY=
gopkg.in/yaml.v3 v3.0.1 h1:fxVm/GzAzEWqLHuvctI91KS9hhNmmWOoWu0XTYJS7CA=
gopkg.in/yaml.v3 v3.0.1/go.mod h1:K4uyk7z7BCEPqu6E+C64Yfv1cQ7kz7rIZviUmN+EgEM=
